
Microsoft Visual Studio Solution File, Format Version 12.00
Project("{FAE04EC0-301F-11D3-BF4B-00C04F79EFBC}") = "tpmodul9_103082400051", "tpmodul9_103082400051\tpmodul9_103082400051.csproj", "{9376F3F1-78ED-4594-9D03-FFC16CC047BF}"
EndProject
Global
	GlobalSection(SolutionConfigurationPlatforms) = preSolution
		Debug|Any CPU = Debug|Any CPU
		Release|Any CPU = Release|Any CPU
	EndGlobalSection
	GlobalSection(ProjectConfigurationPlatforms) = postSolution
		{9376F3F1-78ED-4594-9D03-FFC16CC047BF}.Debug|Any CPU.ActiveCfg = Debug|Any CPU
		{9376F3F1-78ED-4594-9D03-FFC16CC047BF}.Debug|Any CPU.Build.0 = Debug|Any CPU
		{9376F3F1-78ED-4594-9D03-FFC16CC047BF}.Release|Any CPU.ActiveCfg = Release|Any CPU
		{9376F3F1-78ED-4594-9D03-FFC16CC047BF}.Release|Any CPU.Build.0 = Release|Any CPU
	EndGlobalSection
EndGlobal
